
Microsoft Visual Studio Solution File, Format Version 12.00
# Visual Studio Version 16
VisualStudioVersion = 16.0.29418.71
MinimumVisualStudioVersion = 10.0.40219.1
Project("{9A19103F-16F7-4668-BE54-9A1E7A4F7556}") = "SilentHeaven.Dominio", "Silent Heaven.Dominio\SilentHeaven.Dominio.csproj", "{FDC6C137-61D7-4A69-83F4-0E89AD844411}"
EndProject
Project("{9A19103F-16F7-4668-BE54-9A1E7A4F7556}") = "SilentHeaven.Repositorio", "Silent Heaven.Repositorio\SilentHeaven.Repositorio.csproj", "{7A6ECEA6-34B5-4822-8DE3-BC33D5516E36}"
EndProject
Project("{9A19103F-16F7-4668-BE54-9A1E7A4F7556}") = "SilentHeaven.Web", "Silent Heaven.Web\SilentHeaven.Web.csproj", "{3E7E9A9B-C55F-4F7F-B7AA-B6A8D74D1014}"
EndProject
Global
	GlobalSection(SolutionConfigurationPlatforms) = preSolution
		Debug|Any CPU = Debug|Any CPU
		Release|Any CPU = Release|Any CPU
	EndGlobalSection
	GlobalSection(ProjectConfigurationPlatforms) = postSolution
		{FDC6C137-61D7-4A69-83F4-0E89AD844411}.Debug|Any CPU.ActiveCfg = Debug|Any CPU
		{FDC6C137-61D7-4A69-83F4-0E89AD844411}.Debug|Any CPU.Build.0 = Debug|Any CPU
		{FDC6C137-61D7-4A69-83F4-0E89AD844411}.Release|Any CPU.ActiveCfg = Release|Any CPU
		{FDC6C137-61D7-4A69-83F4-0E89AD844411}.Release|Any CPU.Build.0 = Release|Any CPU
		{7A6ECEA6-34B5-4822-8DE3-BC33D5516E36}.Debug|Any CPU.ActiveCfg = Debug|Any CPU
		{7A6ECEA6-34B5-4822-8DE3-BC33D5516E36}.Debug|Any CPU.Build.0 = Debug|Any CPU
		{7A6ECEA6-34B5-4822-8DE3-BC33D5516E36}.Release|Any CPU.ActiveCfg = Release|Any CPU
		{7A6ECEA6-34B5-4822-8DE3-BC33D5516E36}.Release|Any CPU.Build.0 = Release|Any CPU
		{3E7E9A9B-C55F-4F7F-B7AA-B6A8D74D1014}.Debug|Any CPU.ActiveCfg = Debug|Any CPU
		{3E7E9A9B-C55F-4F7F-B7AA-B6A8D74D1014}.Debug|Any CPU.Build.0 = Debug|Any CPU
		{3E7E9A9B-C55F-4F7F-B7AA-B6A8D74D1014}.Release|Any CPU.ActiveCfg = Release|Any CPU
		{3E7E9A9B-C55F-4F7F-B7AA-B6A8D74D1014}.Release|Any CPU.Build.0 = Release|Any CPU
	EndGlobalSection
	GlobalSection(SolutionProperties) = preSolution
		HideSolutionNode = FALSE
	EndGlobalSection
	GlobalSection(ExtensibilityGlobals) = postSolution
		SolutionGuid = {3298790C-8FBF-4B18-AFE9-A72BBF746184}
	EndGlobalSection
EndGlobal
